
Microsoft Visual Studio Solution File, Format Version 12.00
# Visual Studio Version 18
VisualStudioVersion = 18.3.11426.168
MinimumVisualStudioVersion = 10.0.40219.1
Project("{FAE04EC0-301F-11D3-BF4B-00C04F79EFBC}") = "BlazorRTE\BlazorRTE", "BlazorRTE.csproj", "{8B1B9380-242B-05B7-0D32-FC8F7FB98DF1}"
EndProject
Global
	GlobalSection(SolutionConfigurationPlatforms) = preSolution
		Debug|Any CPU = Debug|Any CPU
		Release|Any CPU = Release|Any CPU
	EndGlobalSection
	GlobalSection(ProjectConfigurationPlatforms) = postSolution
		{8B1B9380-242B-05B7-0D32-FC8F7FB98DF1}.Debug|Any CPU.ActiveCfg = Debug|Any CPU
		{8B1B9380-242B-05B7-0D32-FC8F7FB98DF1}.Debug|Any CPU.Build.0 = Debug|Any CPU
		{8B1B9380-242B-05B7-0D32-FC8F7FB98DF1}.Release|Any CPU.ActiveCfg = Release|Any CPU
		{8B1B9380-242B-05B7-0D32-FC8F7FB98DF1}.Release|Any CPU.Build.0 = Release|Any CPU
	EndGlobalSection
	GlobalSection(SolutionProperties) = preSolution
		HideSolutionNode = FALSE
	EndGlobalSection
	GlobalSection(ExtensibilityGlobals) = postSolution
		SolutionGuid = {AA44E607-F949-4258-848A-A06628480A5C}
	EndGlobalSection
EndGlobal
